
Microsoft Visual Studio Solution File, Format Version 12.00
# Visual Studio Version 17
VisualStudioVersion = 17.5.002.0
MinimumVisualStudioVersion = 10.0.40219.1
Project("{9A19103F-16F7-4668-BE54-9A1E7A4F7556}") = "Service", "Service\Service.csproj", "{89C30CEF-60AA-4BFB-981F-D381CBEF7E4D}"
EndProject
Project("{9A19103F-16F7-4668-BE54-9A1E7A4F7556}") = "Tests", "Tests\Tests.csproj", "{C2E0D42E-2681-4F13-BCD7-4E8F12611FD9}"
EndProject
Global
	GlobalSection(SolutionConfigurationPlatforms) = preSolution
		Debug|Any CPU = Debug|Any CPU
		Release|Any CPU = Release|Any CPU
	EndGlobalSection
	GlobalSection(ProjectConfigurationPlatforms) = postSolution
		{89C30CEF-60AA-4BFB-981F-D381CBEF7E4D}.Debug|Any CPU.ActiveCfg = Debug|Any CPU
		{89C30CEF-60AA-4BFB-981F-D381CBEF7E4D}.Debug|Any CPU.Build.0 = Debug|Any CPU
		{89C30CEF-60AA-4BFB-981F-D381CBEF7E4D}.Release|Any CPU.ActiveCfg = Release|Any CPU
		{89C30CEF-60AA-4BFB-981F-D381CBEF7E4D}.Release|Any CPU.Build.0 = Release|Any CPU
		{C2E0D42E-2681-4F13-BCD7-4E8F12611FD9}.Debug|Any CPU.ActiveCfg = Debug|Any CPU
		{C2E0D42E-2681-4F13-BCD7-4E8F12611FD9}.Debug|Any CPU.Build.0 = Debug|Any CPU
		{C2E0D42E-2681-4F13-BCD7-4E8F12611FD9}.Release|Any CPU.ActiveCfg = Release|Any CPU
		{C2E0D42E-2681-4F13-BCD7-4E8F12611FD9}.Release|Any CPU.Build.0 = Release|Any CPU
	EndGlobalSection
	GlobalSection(SolutionProperties) = preSolution
		HideSolutionNode = FALSE
	EndGlobalSection
	GlobalSection(ExtensibilityGlobals) = postSolution
		SolutionGuid = {B57B7A05-159F-4DA6-BD45-880E128FCE3D}
	EndGlobalSection
EndGlobal
